
Microsoft Visual Studio Solution File, Format Version 12.00
# Visual Studio Version 16
VisualStudioVersion = 16.0.30204.135
MinimumVisualStudioVersion = 10.0.40219.1
Project("{FAE04EC0-301F-11D3-BF4B-00C04F79EFBC}") = "Notfy_LinqToSql", "Notfy_LinqToSql.csproj", "{41A61145-150E-4A26-B4A4-14E76CE2459B}"
EndProject
Global
	GlobalSection(SolutionConfigurationPlatforms) = preSolution
		Debug|Any CPU = Debug|Any CPU
		Release|Any CPU = Release|Any CPU
	EndGlobalSection
	GlobalSection(ProjectConfigurationPlatforms) = postSolution
		{41A61145-150E-4A26-B4A4-14E76CE2459B}.Debug|Any CPU.ActiveCfg = Debug|Any CPU
		{41A61145-150E-4A26-B4A4-14E76CE2459B}.Debug|Any CPU.Build.0 = Debug|Any CPU
		{41A61145-150E-4A26-B4A4-14E76CE2459B}.Release|Any CPU.ActiveCfg = Release|Any CPU
		{41A61145-150E-4A26-B4A4-14E76CE2459B}.Release|Any CPU.Build.0 = Release|Any CPU
	EndGlobalSection
	GlobalSection(SolutionProperties) = preSolution
		HideSolutionNode = FALSE
	EndGlobalSection
	GlobalSection(ExtensibilityGlobals) = postSolution
		SolutionGuid = {2E15A4B5-FB0C-42CD-8987-4E0D85D24EB0}
	EndGlobalSection
EndGlobal
